{
  "name": "ui5-webcomponents-bundle",
  "version": "0.0.0",
  "lockfileVersion": 3,
  "requires": true,
  "packages": {
    "": {
      "name": "ui5-webcomponents-bundle",
      "version": "0.0.0",
      "dependencies": {
        "@ui5/webcomponents": "^2.12.0",
        "@ui5/webcomponents-fiori": "^2.12.0",
        "@ui5/webcomponents-icons": "^2.12.0"
      },
      "devDependencies": {
        "vite": "^4.3.2"
      }
    },
    "node_modules/@esbuild/darwin-arm64": {
      "version": "0.18.20",
      "cpu": [
        "arm64"
      ],
      "dev": true,
      "license": "MIT",
      "optional": true,
      "os": [
        "darwin"
      ],
      "engines": {
        "node": ">=12"
      }
    },
    "node_modules/@lit-labs/ssr-dom-shim": {
      "version": "1.4.0",
      "resolved": "https://registry.npmjs.org/@lit-labs/ssr-dom-shim/-/ssr-dom-shim-1.4.0.tgz",
      "integrity": "sha512-ficsEARKnmmW5njugNYKipTm4SFnbik7CXtoencDZzmzo/dQ+2Q0bgkzJuoJP20Aj0F+izzJjOqsnkd6F/o1bw==",
      "license": "BSD-3-Clause"
    },
    "node_modules/@sap-theming/theming-base-content": {
      "version": "11.29.3",
      "resolved": "https://registry.npmjs.org/@sap-theming/theming-base-content/-/theming-base-content-11.29.3.tgz",
      "integrity": "sha512-0LVCUYqoTQGcKmgPShbxQLBoF8469ZojUrYtVm1k3op/1pgLA/FMN//bvgGEm7HTBJBu3gW2Ad2f4ASqEzLolA==",
      "license": "Apache-2.0"
    },
    "node_modules/@types/jquery": {
      "version": "3.5.32",
      "resolved": "https://registry.npmjs.org/@types/jquery/-/jquery-3.5.32.tgz",
      "integrity": "sha512-b9Xbf4CkMqS02YH8zACqN1xzdxc3cO735Qe5AbSUFmyOiaWAbcpqh9Wna+Uk0vgACvoQHpWDg2rGdHkYPLmCiQ==",
      "license": "MIT",
      "dependencies": {
        "@types/sizzle": "*"
      }
    },
    "node_modules/@types/openui5": {
      "version": "1.138.0",
      "resolved": "https://registry.npmjs.org/@types/openui5/-/openui5-1.138.0.tgz",
      "integrity": "sha512-gxEgcNkYgFSDvHQs1Rk8lAF5etHeUxLFFRyMn0vVgw7xoIVtbMU+Y0t4E2SP4lLc3b+tIcma3Vq5s5CCmwg+nQ==",
      "license": "MIT",
      "dependencies": {
        "@types/jquery": "~3.5.13",
        "@types/qunit": "^2.5.4"
      }
    },
    "node_modules/@types/qunit": {
      "version": "2.19.12",
      "resolved": "https://registry.npmjs.org/@types/qunit/-/qunit-2.19.12.tgz",
      "integrity": "sha512-II+C1wgzUia0g+tGAH+PBb4XiTm8/C/i6sN23r21NNskBYOYrv+qnW0tFQ/IxZzKVwrK4CTglf8YO3poJUclQA==",
      "license": "MIT"
    },
    "node_modules/@types/sizzle": {
      "version": "2.3.9",
      "resolved": "https://registry.npmjs.org/@types/sizzle/-/sizzle-2.3.9.tgz",
      "integrity": "sha512-xzLEyKB50yqCUPUJkIsrVvoWNfFUbIZI+RspLWt8u+tIW/BetMBZtgV2LY/2o+tYH8dRvQ+eoPf3NdhQCcLE2w==",
      "license": "MIT"
    },
    "node_modules/@types/trusted-types": {
      "version": "2.0.7",
      "resolved": "https://registry.npmjs.org/@types/trusted-types/-/trusted-types-2.0.7.tgz",
      "integrity": "sha512-ScaPdn1dQczgbl0QFTeTOmVHFULt394XJgOQNoyVhZ6r2vLnMLJfBPd53SB52T/3G36VI1/g2MZaX0cwDuXsfw==",
      "license": "MIT"
    },
    "node_modules/@ui5/webcomponents": {
      "version": "2.12.0",
      "resolved": "https://registry.npmjs.org/@ui5/webcomponents/-/webcomponents-2.12.0.tgz",
      "integrity": "sha512-MeMYGk9yZsjQhi6hC6WwUjGdLCuD7fJpAlY9tpV0MEfIqmDCTFLFKz0HHleWa1yFOtLrqzJK4KfRLqfU9uZBNQ==",
      "license": "Apache-2.0",
      "dependencies": {
        "@ui5/webcomponents-base": "2.12.0",
        "@ui5/webcomponents-icons": "2.12.0",
        "@ui5/webcomponents-icons-business-suite": "2.12.0",
        "@ui5/webcomponents-icons-tnt": "2.12.0",
        "@ui5/webcomponents-localization": "2.12.0",
        "@ui5/webcomponents-theming": "2.12.0"
      }
    },
    "node_modules/@ui5/webcomponents-base": {
      "version": "2.12.0",
      "resolved": "https://registry.npmjs.org/@ui5/webcomponents-base/-/webcomponents-base-2.12.0.tgz",
      "integrity": "sha512-pZI4StSoG7sLyiXvMz5oBogEywtB80qaxTN8R+hOMZjJkzIk5SJZ9ff7+sDAdptmJS89YjoCmLPzg4vLpZIyEw==",
      "license": "Apache-2.0",
      "dependencies": {
        "@lit-labs/ssr-dom-shim": "^1.1.2",
        "lit-html": "^2.0.1"
      }
    },
    "node_modules/@ui5/webcomponents-fiori": {
      "version": "2.12.0",
      "resolved": "https://registry.npmjs.org/@ui5/webcomponents-fiori/-/webcomponents-fiori-2.12.0.tgz",
      "integrity": "sha512-HqB1/DM/Y4US2X+l55h5X3WDqu8I32hA0D+l+MCr23Q38gLiNPMvw2oC/fpOtIVHbJj4OKHCmrBA+94V3Mk7xg==",
      "license": "Apache-2.0",
      "dependencies": {
        "@ui5/webcomponents": "2.12.0",
        "@ui5/webcomponents-base": "2.12.0",
        "@ui5/webcomponents-icons": "2.12.0",
        "@ui5/webcomponents-theming": "2.12.0",
        "@zxing/library": "^0.21.3"
      }
    },
    "node_modules/@ui5/webcomponents-icons": {
      "version": "2.12.0",
      "resolved": "https://registry.npmjs.org/@ui5/webcomponents-icons/-/webcomponents-icons-2.12.0.tgz",
      "integrity": "sha512-Yv0jJh6mJ28Rw8AuPY7FtJ3gc3G60BOi3DJxnAvaQ3VZVn76hAlWxnX8oHlD032ClaBAT6djmnwVfGssKpA9AQ==",
      "license": "Apache-2.0",
      "dependencies": {
        "@ui5/webcomponents-base": "2.12.0"
      }
    },
    "node_modules/@ui5/webcomponents-icons-business-suite": {
      "version": "2.12.0",
      "resolved": "https://registry.npmjs.org/@ui5/webcomponents-icons-business-suite/-/webcomponents-icons-business-suite-2.12.0.tgz",
      "integrity": "sha512-gO8LSmqHMiyJGR+JbS6X+6f54lS68rXjLt242y+Rviz28FKn8P47gkZX+xq7TeLMlmNSpXkHpjNvJ+IzsY9i9Q==",
      "license": "Apache-2.0",
      "dependencies": {
        "@ui5/webcomponents-base": "2.12.0"
      }
    },
    "node_modules/@ui5/webcomponents-icons-tnt": {
      "version": "2.12.0",
      "resolved": "https://registry.npmjs.org/@ui5/webcomponents-icons-tnt/-/webcomponents-icons-tnt-2.12.0.tgz",
      "integrity": "sha512-lqkY3ClfUFwgiPbvvrCXvUpw9F8MnLD6MiKcNwN2WudKcxw2Gmb89/Feb1J7nFtOo64ro5F2u4HZRuWpVnPUog==",
      "license": "Apache-2.0",
      "dependencies": {
        "@ui5/webcomponents-base": "2.12.0"
      }
    },
    "node_modules/@ui5/webcomponents-localization": {
      "version": "2.12.0",
      "resolved": "https://registry.npmjs.org/@ui5/webcomponents-localization/-/webcomponents-localization-2.12.0.tgz",
      "integrity": "sha512-0dPj6v/y+sUx197+9cLu1MChsnGcWjHyLKU8vtKawlVibYpgEo9OHTH2ixXgMd5gyZ0VNJ9kKl7gLljR7WCwMA==",
      "license": "Apache-2.0",
      "dependencies": {
        "@types/openui5": "^1.113.0",
        "@ui5/webcomponents-base": "2.12.0"
      }
    },
    "node_modules/@ui5/webcomponents-theming": {
      "version": "2.12.0",
      "resolved": "https://registry.npmjs.org/@ui5/webcomponents-theming/-/webcomponents-theming-2.12.0.tgz",
      "integrity": "sha512-Iyz1wGapYYQKVbhRGsDpsRu3tI6O9bsp31esuJURX1tmk3TWNCMqd9AnFWx8R2oC0/RsG83azhsKzme+Xb1gQQ==",
      "license": "Apache-2.0",
      "dependencies": {
        "@sap-theming/theming-base-content": "11.29.3",
        "@ui5/webcomponents-base": "2.12.0"
      }
    },
    "node_modules/@zxing/library": {
      "version": "0.21.3",
      "resolved": "https://registry.npmjs.org/@zxing/library/-/library-0.21.3.tgz",
      "integrity": "sha512-hZHqFe2JyH/ZxviJZosZjV+2s6EDSY0O24R+FQmlWZBZXP9IqMo7S3nb3+2LBWxodJQkSurdQGnqE7KXqrYgow==",
      "license": "MIT",
      "dependencies": {
        "ts-custom-error": "^3.2.1"
      },
      "engines": {
        "node": ">= 10.4.0"
      },
      "optionalDependencies": {
        "@zxing/text-encoding": "~0.9.0"
      }
    },
    "node_modules/@zxing/text-encoding": {
      "version": "0.9.0",
      "resolved": "https://registry.npmjs.org/@zxing/text-encoding/-/text-encoding-0.9.0.tgz",
      "integrity": "sha512-U/4aVJ2mxI0aDNI8Uq0wEhMgY+u4CNtEb0om3+y3+niDAsoTCOB33UF0sxpzqzdqXLqmvc+vZyAt4O8pPdfkwA==",
      "license": "(Unlicense OR Apache-2.0)",
      "optional": true
    },
    "node_modules/esbuild": {
      "version": "0.18.20",
      "dev": true,
      "hasInstallScript": true,
      "license": "MIT",
      "bin": {
        "esbuild": "bin/esbuild"
      },
      "engines": {
        "node": ">=12"
      },
      "optionalDependencies": {
        "@esbuild/android-arm": "0.18.20",
        "@esbuild/android-arm64": "0.18.20",
        "@esbuild/android-x64": "0.18.20",
        "@esbuild/darwin-arm64": "0.18.20",
        "@esbuild/darwin-x64": "0.18.20",
        "@esbuild/freebsd-arm64": "0.18.20",
        "@esbuild/freebsd-x64": "0.18.20",
        "@esbuild/linux-arm": "0.18.20",
        "@esbuild/linux-arm64": "0.18.20",
        "@esbuild/linux-ia32": "0.18.20",
        "@esbuild/linux-loong64": "0.18.20",
        "@esbuild/linux-mips64el": "0.18.20",
        "@esbuild/linux-ppc64": "0.18.20",
        "@esbuild/linux-riscv64": "0.18.20",
        "@esbuild/linux-s390x": "0.18.20",
        "@esbuild/linux-x64": "0.18.20",
        "@esbuild/netbsd-x64": "0.18.20",
        "@esbuild/openbsd-x64": "0.18.20",
        "@esbuild/sunos-x64": "0.18.20",
        "@esbuild/win32-arm64": "0.18.20",
        "@esbuild/win32-ia32": "0.18.20",
        "@esbuild/win32-x64": "0.18.20"
      }
    },
    "node_modules/fsevents": {
      "version": "2.3.3",
      "dev": true,
      "license": "MIT",
      "optional": true,
      "os": [
        "darwin"
      ],
      "engines": {
        "node": "^8.16.0 || ^10.6.0 || >=11.0.0"
      }
    },
    "node_modules/lit-html": {
      "version": "2.8.0",
      "resolved": "https://registry.npmjs.org/lit-html/-/lit-html-2.8.0.tgz",
      "integrity": "sha512-o9t+MQM3P4y7M7yNzqAyjp7z+mQGa4NS4CxiyLqFPyFWyc4O+nodLrkrxSaCTrla6M5YOLaT3RpbbqjszB5g3Q==",
      "license": "BSD-3-Clause",
      "dependencies": {
        "@types/trusted-types": "^2.0.2"
      }
    },
    "node_modules/nanoid": {
      "version": "3.3.7",
      "dev": true,
      "funding": [
        {
          "type": "github",
          "url": "https://github.com/sponsors/ai"
        }
      ],
      "license": "MIT",
      "bin": {
        "nanoid": "bin/nanoid.cjs"
      },
      "engines": {
        "node": "^10 || ^12 || ^13.7 || ^14 || >=15.0.1"
      }
    },
    "node_modules/picocolors": {
      "version": "1.0.0",
      "dev": true,
      "license": "ISC"
    },
    "node_modules/postcss": {
      "version": "8.4.38",
      "dev": true,
      "funding": [
        {
          "type": "opencollective",
          "url": "https://opencollective.com/postcss/"
        },
        {
          "type": "tidelift",
          "url": "https://tidelift.com/funding/github/npm/postcss"
        },
        {
          "type": "github",
          "url": "https://github.com/sponsors/ai"
        }
      ],
      "license": "MIT",
      "dependencies": {
        "nanoid": "^3.3.7",
        "picocolors": "^1.0.0",
        "source-map-js": "^1.2.0"
      },
      "engines": {
        "node": "^10 || ^12 || >=14"
      }
    },
    "node_modules/rollup": {
      "version": "3.29.4",
      "dev": true,
      "license": "MIT",
      "bin": {
        "rollup": "dist/bin/rollup"
      },
      "engines": {
        "node": ">=14.18.0",
        "npm": ">=8.0.0"
      },
      "optionalDependencies": {
        "fsevents": "~2.3.2"
      }
    },
    "node_modules/source-map-js": {
      "version": "1.2.0",
      "dev": true,
      "license": "BSD-3-Clause",
      "engines": {
        "node": ">=0.10.0"
      }
    },
    "node_modules/ts-custom-error": {
      "version": "3.3.1",
      "resolved": "https://registry.npmjs.org/ts-custom-error/-/ts-custom-error-3.3.1.tgz",
      "integrity": "sha512-5OX1tzOjxWEgsr/YEUWSuPrQ00deKLh6D7OTWcvNHm12/7QPyRh8SYpyWvA4IZv8H/+GQWQEh/kwo95Q9OVW1A==",
      "license": "MIT",
      "engines": {
        "node": ">=14.0.0"
      }
    },
    "node_modules/vite": {
      "version": "4.5.3",
      "dev": true,
      "license": "MIT",
      "dependencies": {
        "esbuild": "^0.18.10",
        "postcss": "^8.4.27",
        "rollup": "^3.27.1"
      },
      "bin": {
        "vite": "bin/vite.js"
      },
      "engines": {
        "node": "^14.18.0 || >=16.0.0"
      },
      "funding": {
        "url": "https://github.com/vitejs/vite?sponsor=1"
      },
      "optionalDependencies": {
        "fsevents": "~2.3.2"
      },
      "peerDependencies": {
        "@types/node": ">= 14",
        "less": "*",
        "lightningcss": "^1.21.0",
        "sass": "*",
        "stylus": "*",
        "sugarss": "*",
        "terser": "^5.4.0"
      },
      "peerDependenciesMeta": {
        "@types/node": {
          "optional": true
        },
        "less": {
          "optional": true
        },
        "lightningcss": {
          "optional": true
        },
        "sass": {
          "optional": true
        },
        "stylus": {
          "optional": true
        },
        "sugarss": {
          "optional": true
        },
        "terser": {
          "optional": true
        }
      }
    }
  }
}
